// !$*UTF8*$!
{
	archiveVersion = 1;
	classes = {
	};
	objectVersion = 46;
	objects = {

/* Begin PBXBuildFile section */
		D0824617F769D76C9394A1A8 /* Pods_Scout.framework in Frameworks */ = {isa = PBXBuildFile; fileRef = 3786A84615D76EAA41091D03 /* Pods_Scout.framework */; };
		D136D3941EF2EB480038175C /* Assets.xcassets in Resources */ = {isa = PBXBuildFile; fileRef = D136D3931EF2EB480038175C /* Assets.xcassets */; };
		D136D3961EF308D70038175C /* Favorites.swift in Sources */ = {isa = PBXBuildFile; fileRef = D136D3951EF308D70038175C /* Favorites.swift */; };
		D1A627B81EF30AFA00BCD7A5 /* FavoritesViewController.swift in Sources */ = {isa = PBXBuildFile; fileRef = D1A627B71EF30AFA00BCD7A5 /* FavoritesViewController.swift */; };
		D1A627BC1EF31BA500BCD7A5 /* SpringExpandView.swift in Sources */ = {isa = PBXBuildFile; fileRef = D1A627BA1EF31BA500BCD7A5 /* SpringExpandView.swift */; };
		D1A627BD1EF31BA500BCD7A5 /* SpringRefresh.swift in Sources */ = {isa = PBXBuildFile; fileRef = D1A627BB1EF31BA500BCD7A5 /* SpringRefresh.swift */; };
		D1A627C01EF31C7300BCD7A5 /* NotificationBar.swift in Sources */ = {isa = PBXBuildFile; fileRef = D1A627BF1EF31C7300BCD7A5 /* NotificationBar.swift */; };
		D1A627C21EF31CD100BCD7A5 /* Theme.swift in Sources */ = {isa = PBXBuildFile; fileRef = D1A627C11EF31CD100BCD7A5 /* Theme.swift */; };
		D1B661851EF13D5800C911D7 /* AppDelegate.swift in Sources */ = {isa = PBXBuildFile; fileRef = D1B661841EF13D5800C911D7 /* AppDelegate.swift */; };
		D1B6618A1EF13D5800C911D7 /* Main.storyboard in Resources */ = {isa = PBXBuildFile; fileRef = D1B661881EF13D5800C911D7 /* Main.storyboard */; };
		D1B6618F1EF13D5800C911D7 /* LaunchScreen.storyboard in Resources */ = {isa = PBXBuildFile; fileRef = D1B6618D1EF13D5800C911D7 /* LaunchScreen.storyboard */; };
		D1B6619A1EF13D5900C911D7 /* ScoutTests.swift in Sources */ = {isa = PBXBuildFile; fileRef = D1B661991EF13D5900C911D7 /* ScoutTests.swift */; };
		D1B661A51EF13D5900C911D7 /* ScoutUITests.swift in Sources */ = {isa = PBXBuildFile; fileRef = D1B661A41EF13D5900C911D7 /* ScoutUITests.swift */; };
		D1B661E11EF14C6D00C911D7 /* Car.swift in Sources */ = {isa = PBXBuildFile; fileRef = D1B661E01EF14C6D00C911D7 /* Car.swift */; };
		D1B661E41EF14D7D00C911D7 /* String+Scout.swift in Sources */ = {isa = PBXBuildFile; fileRef = D1B661E31EF14D7D00C911D7 /* String+Scout.swift */; };
		D1B661F21EF1565100C911D7 /* DownloadError.swift in Sources */ = {isa = PBXBuildFile; fileRef = D1B661EA1EF1565100C911D7 /* DownloadError.swift */; };
		D1B661F31EF1565100C911D7 /* DownloadImageManager.swift in Sources */ = {isa = PBXBuildFile; fileRef = D1B661EB1EF1565100C911D7 /* DownloadImageManager.swift */; };
		D1B661F41EF1565100C911D7 /* DownloadManager.swift in Sources */ = {isa = PBXBuildFile; fileRef = D1B661EC1EF1565100C911D7 /* DownloadManager.swift */; };
		D1B661F51EF1565100C911D7 /* DownloadRequest.swift in Sources */ = {isa = PBXBuildFile; fileRef = D1B661ED1EF1565100C911D7 /* DownloadRequest.swift */; };
		D1B661F61EF1565100C911D7 /* DownloadSettings.swift in Sources */ = {isa = PBXBuildFile; fileRef = D1B661EE1EF1565100C911D7 /* DownloadSettings.swift */; };
		D1B661F71EF1565100C911D7 /* DataConvertible.swift in Sources */ = {isa = PBXBuildFile; fileRef = D1B661EF1EF1565100C911D7 /* DataConvertible.swift */; };
		D1B661F81EF1565100C911D7 /* Logger.swift in Sources */ = {isa = PBXBuildFile; fileRef = D1B661F01EF1565100C911D7 /* Logger.swift */; };
		D1B661F91EF1565100C911D7 /* Cache.swift in Sources */ = {isa = PBXBuildFile; fileRef = D1B661F11EF1565100C911D7 /* Cache.swift */; };
		D1B661FB1EF1570F00C911D7 /* UIImage+Scout.swift in Sources */ = {isa = PBXBuildFile; fileRef = D1B661FA1EF1570F00C911D7 /* UIImage+Scout.swift */; };
		D1B661FD1EF15D7800C911D7 /* CarCollection.swift in Sources */ = {isa = PBXBuildFile; fileRef = D1B661FC1EF15D7800C911D7 /* CarCollection.swift */; };
		D1B662011EF166AC00C911D7 /* Layout.swift in Sources */ = {isa = PBXBuildFile; fileRef = D1B662001EF166AC00C911D7 /* Layout.swift */; };
		D1B662051EF1725B00C911D7 /* Date+Scout.swift in Sources */ = {isa = PBXBuildFile; fileRef = D1B662041EF1725B00C911D7 /* Date+Scout.swift */; };
		D1B662071EF1740E00C911D7 /* ListViewController.swift in Sources */ = {isa = PBXBuildFile; fileRef = D1B662061EF1740E00C911D7 /* ListViewController.swift */; };
		D1B662091EF2C13800C911D7 /* UIImageView+Scout.swift in Sources */ = {isa = PBXBuildFile; fileRef = D1B662081EF2C13800C911D7 /* UIImageView+Scout.swift */; };
		D1D416591EF2C5A6004D5FFC /* CarCell.swift in Sources */ = {isa = PBXBuildFile; fileRef = D1B662021EF166C600C911D7 /* CarCell.swift */; };
/* End PBXBuildFile section */

/* Begin PBXContainerItemProxy section */
		D1B661961EF13D5900C911D7 /* PBXContainerItemProxy */ = {
			isa = PBXContainerItemProxy;
			containerPortal = D1B661791EF13D5800C911D7 /* Project object */;
			proxyType = 1;
			remoteGlobalIDString = D1B661801EF13D5800C911D7;
			remoteInfo = Scout;
		};
		D1B661A11EF13D5900C911D7 /* PBXContainerItemProxy */ = {
			isa = PBXContainerItemProxy;
			containerPortal = D1B661791EF13D5800C911D7 /* Project object */;
			proxyType = 1;
			remoteGlobalIDString = D1B661801EF13D5800C911D7;
			remoteInfo = Scout;
		};
/* End PBXContainerItemProxy section */

/* Begin PBXFileReference section */
		3786A84615D76EAA41091D03 /* Pods_Scout.framework */ = {isa = PBXFileReference; explicitFileType = wrapper.framework; includeInIndex = 0; path = Pods_Scout.framework; sourceTree = BUILT_PRODUCTS_DIR; };
		9EF076E799DBA5CDEFBC26D3 /* Pods-Scout.release.xcconfig */ = {isa = PBXFileReference; includeInIndex = 1; lastKnownFileType = text.xcconfig; name = "Pods-Scout.release.xcconfig"; path = "Pods/Target Support Files/Pods-Scout/Pods-Scout.release.xcconfig"; sourceTree = "<group>"; };
		B278305AAE65070F9993BA4C /* Pods-Scout.debug.xcconfig */ = {isa = PBXFileReference; includeInIndex = 1; lastKnownFileType = text.xcconfig; name = "Pods-Scout.debug.xcconfig"; path = "Pods/Target Support Files/Pods-Scout/Pods-Scout.debug.xcconfig"; sourceTree = "<group>"; };
		D136D3931EF2EB480038175C /* Assets.xcassets */ = {isa = PBXFileReference; lastKnownFileType = folder.assetcatalog; path = Assets.xcassets; sourceTree = "<group>"; };
		D136D3951EF308D70038175C /* Favorites.swift */ = {isa = PBXFileReference; fileEncoding = 4; lastKnownFileType = sourcecode.swift; path = Favorites.swift; sourceTree = "<group>"; };
		D1A627B71EF30AFA00BCD7A5 /* FavoritesViewController.swift */ = {isa = PBXFileReference; fileEncoding = 4; lastKnownFileType = sourcecode.swift; path = FavoritesViewController.swift; sourceTree = "<group>"; };
		D1A627BA1EF31BA500BCD7A5 /* SpringExpandView.swift */ = {isa = PBXFileReference; fileEncoding = 4; lastKnownFileType = sourcecode.swift; path = SpringExpandView.swift; sourceTree = "<group>"; };
		D1A627BB1EF31BA500BCD7A5 /* SpringRefresh.swift */ = {isa = PBXFileReference; fileEncoding = 4; lastKnownFileType = sourcecode.swift; path = SpringRefresh.swift; sourceTree = "<group>"; };
		D1A627BF1EF31C7300BCD7A5 /* NotificationBar.swift */ = {isa = PBXFileReference; fileEncoding = 4; lastKnownFileType = sourcecode.swift; path = NotificationBar.swift; sourceTree = "<group>"; };
		D1A627C11EF31CD100BCD7A5 /* Theme.swift */ = {isa = PBXFileReference; fileEncoding = 4; lastKnownFileType = sourcecode.swift; path = Theme.swift; sourceTree = "<group>"; };
		D1B661811EF13D5800C911D7 /* Scout.app */ = {isa = PBXFileReference; explicitFileType = wrapper.application; includeInIndex = 0; path = Scout.app; sourceTree = BUILT_PRODUCTS_DIR; };
		D1B661841EF13D5800C911D7 /* AppDelegate.swift */ = {isa = PBXFileReference; lastKnownFileType = sourcecode.swift; path = AppDelegate.swift; sourceTree = "<group>"; };
		D1B661891EF13D5800C911D7 /* Base */ = {isa = PBXFileReference; lastKnownFileType = file.storyboard; name = Base; path = Base.lproj/Main.storyboard; sourceTree = "<group>"; };
		D1B6618E1EF13D5800C911D7 /* Base */ = {isa = PBXFileReference; lastKnownFileType = file.storyboard; name = Base; path = Base.lproj/LaunchScreen.storyboard; sourceTree = "<group>"; };
		D1B661901EF13D5800C911D7 /* Info.plist */ = {isa = PBXFileReference; lastKnownFileType = text.plist.xml; path = Info.plist; sourceTree = "<group>"; };
		D1B661951EF13D5900C911D7 /* ScoutTests.xctest */ = {isa = PBXFileReference; explicitFileType = wrapper.cfbundle; includeInIndex = 0; path = ScoutTests.xctest; sourceTree = BUILT_PRODUCTS_DIR; };
		D1B661991EF13D5900C911D7 /* ScoutTests.swift */ = {isa = PBXFileReference; lastKnownFileType = sourcecode.swift; path = ScoutTests.swift; sourceTree = "<group>"; };
		D1B6619B1EF13D5900C911D7 /* Info.plist */ = {isa = PBXFileReference; lastKnownFileType = text.plist.xml; path = Info.plist; sourceTree = "<group>"; };
		D1B661A01EF13D5900C911D7 /* ScoutUITests.xctest */ = {isa = PBXFileReference; explicitFileType = wrapper.cfbundle; includeInIndex = 0; path = ScoutUITests.xctest; sourceTree = BUILT_PRODUCTS_DIR; };
		D1B661A41EF13D5900C911D7 /* ScoutUITests.swift */ = {isa = PBXFileReference; lastKnownFileType = sourcecode.swift; path = ScoutUITests.swift; sourceTree = "<group>"; };
		D1B661A61EF13D5900C911D7 /* Info.plist */ = {isa = PBXFileReference; lastKnownFileType = text.plist.xml; path = Info.plist; sourceTree = "<group>"; };
		D1B661E01EF14C6D00C911D7 /* Car.swift */ = {isa = PBXFileReference; fileEncoding = 4; lastKnownFileType = sourcecode.swift; path = Car.swift; sourceTree = "<group>"; };
		D1B661E31EF14D7D00C911D7 /* String+Scout.swift */ = {isa = PBXFileReference; fileEncoding = 4; lastKnownFileType = sourcecode.swift; path = "String+Scout.swift"; sourceTree = "<group>"; };
		D1B661EA1EF1565100C911D7 /* DownloadError.swift */ = {isa = PBXFileReference; fileEncoding = 4; lastKnownFileType = sourcecode.swift; path = DownloadError.swift; sourceTree = "<group>"; };
		D1B661EB1EF1565100C911D7 /* DownloadImageManager.swift */ = {isa = PBXFileReference; fileEncoding = 4; lastKnownFileType = sourcecode.swift; path = DownloadImageManager.swift; sourceTree = "<group>"; };
		D1B661EC1EF1565100C911D7 /* DownloadManager.swift */ = {isa = PBXFileReference; fileEncoding = 4; lastKnownFileType = sourcecode.swift; path = DownloadManager.swift; sourceTree = "<group>"; };
		D1B661ED1EF1565100C911D7 /* DownloadRequest.swift */ = {isa = PBXFileReference; fileEncoding = 4; lastKnownFileType = sourcecode.swift; path = DownloadRequest.swift; sourceTree = "<group>"; };
		D1B661EE1EF1565100C911D7 /* DownloadSettings.swift */ = {isa = PBXFileReference; fileEncoding = 4; lastKnownFileType = sourcecode.swift; path = DownloadSettings.swift; sourceTree = "<group>"; };
		D1B661EF1EF1565100C911D7 /* DataConvertible.swift */ = {isa = PBXFileReference; fileEncoding = 4; lastKnownFileType = sourcecode.swift; path = DataConvertible.swift; sourceTree = "<group>"; };
		D1B661F01EF1565100C911D7 /* Logger.swift */ = {isa = PBXFileReference; fileEncoding = 4; lastKnownFileType = sourcecode.swift; path = Logger.swift; sourceTree = "<group>"; };
		D1B661F11EF1565100C911D7 /* Cache.swift */ = {isa = PBXFileReference; fileEncoding = 4; lastKnownFileType = sourcecode.swift; path = Cache.swift; sourceTree = "<group>"; };
		D1B661FA1EF1570F00C911D7 /* UIImage+Scout.swift */ = {isa = PBXFileReference; fileEncoding = 4; lastKnownFileType = sourcecode.swift; path = "UIImage+Scout.swift"; sourceTree = "<group>"; };
		D1B661FC1EF15D7800C911D7 /* CarCollection.swift */ = {isa = PBXFileReference; fileEncoding = 4; lastKnownFileType = sourcecode.swift; path = CarCollection.swift; sourceTree = "<group>"; };
		D1B662001EF166AC00C911D7 /* Layout.swift */ = {isa = PBXFileReference; fileEncoding = 4; lastKnownFileType = sourcecode.swift; path = Layout.swift; sourceTree = "<group>"; };
		D1B662021EF166C600C911D7 /* CarCell.swift */ = {isa = PBXFileReference; fileEncoding = 4; lastKnownFileType = sourcecode.swift; path = CarCell.swift; sourceTree = "<group>"; };
		D1B662041EF1725B00C911D7 /* Date+Scout.swift */ = {isa = PBXFileReference; fileEncoding = 4; lastKnownFileType = sourcecode.swift; path = "Date+Scout.swift"; sourceTree = "<group>"; };
		D1B662061EF1740E00C911D7 /* ListViewController.swift */ = {isa = PBXFileReference; fileEncoding = 4; lastKnownFileType = sourcecode.swift; path = ListViewController.swift; sourceTree = "<group>"; };
		D1B662081EF2C13800C911D7 /* UIImageView+Scout.swift */ = {isa = PBXFileReference; fileEncoding = 4; lastKnownFileType = sourcecode.swift; path = "UIImageView+Scout.swift"; sourceTree = "<group>"; };
/* End PBXFileReference section */

/* Begin PBXFrameworksBuildPhase section */
		D1B6617E1EF13D5800C911D7 /* Frameworks */ = {
			isa = PBXFrameworksBuildPhase;
			buildActionMask = 2147483647;
			files = (
				D0824617F769D76C9394A1A8 /* Pods_Scout.framework in Frameworks */,
			);
			runOnlyForDeploymentPostprocessing = 0;
		};
		D1B661921EF13D5900C911D7 /* Frameworks */ = {
			isa = PBXFrameworksBuildPhase;
			buildActionMask = 2147483647;
			files = (
			);
			runOnlyForDeploymentPostprocessing = 0;
		};
		D1B6619D1EF13D5900C911D7 /* Frameworks */ = {
			isa = PBXFrameworksBuildPhase;
			buildActionMask = 2147483647;
			files = (
			);
			runOnlyForDeploymentPostprocessing = 0;
		};
/* End PBXFrameworksBuildPhase section */

/* Begin PBXGroup section */
		50AD5A5B181B01AEF86D8CDB /* Pods */ = {
			isa = PBXGroup;
			children = (
				B278305AAE65070F9993BA4C /* Pods-Scout.debug.xcconfig */,
				9EF076E799DBA5CDEFBC26D3 /* Pods-Scout.release.xcconfig */,
			);
			name = Pods;
			sourceTree = "<group>";
		};
		9F199C30FC2E4226CA2EF34D /* Frameworks */ = {
			isa = PBXGroup;
			children = (
				3786A84615D76EAA41091D03 /* Pods_Scout.framework */,
			);
			name = Frameworks;
			sourceTree = "<group>";
		};
		D1A627B91EF31B9000BCD7A5 /* Spring Refresh */ = {
			isa = PBXGroup;
			children = (
				D1A627BA1EF31BA500BCD7A5 /* SpringExpandView.swift */,
				D1A627BB1EF31BA500BCD7A5 /* SpringRefresh.swift */,
			);
			name = "Spring Refresh";
			sourceTree = "<group>";
		};
		D1A627BE1EF31C6500BCD7A5 /* NotificationBar */ = {
			isa = PBXGroup;
			children = (
				D1A627BF1EF31C7300BCD7A5 /* NotificationBar.swift */,
			);
			name = NotificationBar;
			sourceTree = "<group>";
		};
		D1B661781EF13D5800C911D7 = {
			isa = PBXGroup;
			children = (
				D1B661831EF13D5800C911D7 /* Scout */,
				D1B661981EF13D5900C911D7 /* ScoutTests */,
				D1B661A31EF13D5900C911D7 /* ScoutUITests */,
				D1B661821EF13D5800C911D7 /* Products */,
				50AD5A5B181B01AEF86D8CDB /* Pods */,
				9F199C30FC2E4226CA2EF34D /* Frameworks */,
			);
			sourceTree = "<group>";
		};
		D1B661821EF13D5800C911D7 /* Products */ = {
			isa = PBXGroup;
			children = (
				D1B661811EF13D5800C911D7 /* Scout.app */,
				D1B661951EF13D5900C911D7 /* ScoutTests.xctest */,
				D1B661A01EF13D5900C911D7 /* ScoutUITests.xctest */,
			);
			name = Products;
			sourceTree = "<group>";
		};
		D1B661831EF13D5800C911D7 /* Scout */ = {
			isa = PBXGroup;
			children = (
				D1A627BE1EF31C6500BCD7A5 /* NotificationBar */,
				D1A627B91EF31B9000BCD7A5 /* Spring Refresh */,
				D1B661E91EF1562D00C911D7 /* Downloader */,
				D1B661E21EF14D6D00C911D7 /* Extensions */,
				D1B661DF1EF14C5A00C911D7 /* Model */,
				D1B661FE1EF1659C00C911D7 /* Views */,
				D1B661FF1EF165AF00C911D7 /* Controllers */,
				D1B661841EF13D5800C911D7 /* AppDelegate.swift */,
				D1A627C11EF31CD100BCD7A5 /* Theme.swift */,
				D136D3931EF2EB480038175C /* Assets.xcassets */,
				D1B661901EF13D5800C911D7 /* Info.plist */,
			);
			path = Scout;
			sourceTree = "<group>";
		};
		D1B661981EF13D5900C911D7 /* ScoutTests */ = {
			isa = PBXGroup;
			children = (
				D1B661991EF13D5900C911D7 /* ScoutTests.swift */,
				D1B6619B1EF13D5900C911D7 /* Info.plist */,
			);
			path = ScoutTests;
			sourceTree = "<group>";
		};
		D1B661A31EF13D5900C911D7 /* ScoutUITests */ = {
			isa = PBXGroup;
			children = (
				D1B661A41EF13D5900C911D7 /* ScoutUITests.swift */,
				D1B661A61EF13D5900C911D7 /* Info.plist */,
			);
			path = ScoutUITests;
			sourceTree = "<group>";
		};
		D1B661DF1EF14C5A00C911D7 /* Model */ = {
			isa = PBXGroup;
			children = (
				D1B661E01EF14C6D00C911D7 /* Car.swift */,
				D1B661FC1EF15D7800C911D7 /* CarCollection.swift */,
				D136D3951EF308D70038175C /* Favorites.swift */,
			);
			name = Model;
			sourceTree = "<group>";
		};
		D1B661E21EF14D6D00C911D7 /* Extensions */ = {
			isa = PBXGroup;
			children = (
				D1B661FA1EF1570F00C911D7 /* UIImage+Scout.swift */,
				D1B662081EF2C13800C911D7 /* UIImageView+Scout.swift */,
				D1B661E31EF14D7D00C911D7 /* String+Scout.swift */,
				D1B662041EF1725B00C911D7 /* Date+Scout.swift */,
			);
			name = Extensions;
			sourceTree = "<group>";
		};
		D1B661E91EF1562D00C911D7 /* Downloader */ = {
			isa = PBXGroup;
			children = (
				D1B661EA1EF1565100C911D7 /* DownloadError.swift */,
				D1B661EB1EF1565100C911D7 /* DownloadImageManager.swift */,
				D1B661EC1EF1565100C911D7 /* DownloadManager.swift */,
				D1B661ED1EF1565100C911D7 /* DownloadRequest.swift */,
				D1B661EE1EF1565100C911D7 /* DownloadSettings.swift */,
				D1B661EF1EF1565100C911D7 /* DataConvertible.swift */,
				D1B661F01EF1565100C911D7 /* Logger.swift */,
				D1B661F11EF1565100C911D7 /* Cache.swift */,
			);
			name = Downloader;
			sourceTree = "<group>";
		};
		D1B661FE1EF1659C00C911D7 /* Views */ = {
			isa = PBXGroup;
			children = (
				D1B661881EF13D5800C911D7 /* Main.storyboard */,
				D1B6618D1EF13D5800C911D7 /* LaunchScreen.storyboard */,
				D1B662021EF166C600C911D7 /* CarCell.swift */,
				D1B662001EF166AC00C911D7 /* Layout.swift */,
			);
			name = Views;
			sourceTree = "<group>";
		};
		D1B661FF1EF165AF00C911D7 /* Controllers */ = {
			isa = PBXGroup;
			children = (
				D1B662061EF1740E00C911D7 /* ListViewController.swift */,
				D1A627B71EF30AFA00BCD7A5 /* FavoritesViewController.swift */,
			);
			name = Controllers;
			sourceTree = "<group>";
		};
/* End PBXGroup section */

/* Begin PBXNativeTarget section */
		D1B661801EF13D5800C911D7 /* Scout */ = {
			isa = PBXNativeTarget;
			buildConfigurationList = D1B661A91EF13D5900C911D7 /* Build configuration list for PBXNativeTarget "Scout" */;
			buildPhases = (
				091599629833B6BA39FB799E /* [CP] Check Pods Manifest.lock */,
				D1B6617D1EF13D5800C911D7 /* Sources */,
				D1B6617E1EF13D5800C911D7 /* Frameworks */,
				D1B6617F1EF13D5800C911D7 /* Resources */,
				2F05158B778B6734FD04039D /* [CP] Embed Pods Frameworks */,
				5C25A249B967E7468DBE710F /* [CP] Copy Pods Resources */,
			);
			buildRules = (
			);
			dependencies = (
			);
			name = Scout;
			productName = Scout;
			productReference = D1B661811EF13D5800C911D7 /* Scout.app */;
			productType = "com.apple.product-type.application";
		};
		D1B661941EF13D5900C911D7 /* ScoutTests */ = {
			isa = PBXNativeTarget;
			buildConfigurationList = D1B661AC1EF13D5900C911D7 /* Build configuration list for PBXNativeTarget "ScoutTests" */;
			buildPhases = (
				D1B661911EF13D5900C911D7 /* Sources */,
				D1B661921EF13D5900C911D7 /* Frameworks */,
				D1B661931EF13D5900C911D7 /* Resources */,
			);
			buildRules = (
			);
			dependencies = (
				D1B661971EF13D5900C911D7 /* PBXTargetDependency */,
			);
			name = ScoutTests;
			productName = ScoutTests;
			productReference = D1B661951EF13D5900C911D7 /* ScoutTests.xctest */;
			productType = "com.apple.product-type.bundle.unit-test";
		};
		D1B6619F1EF13D5900C911D7 /* ScoutUITests */ = {
			isa = PBXNativeTarget;
			buildConfigurationList = D1B661AF1EF13D5900C911D7 /* Build configuration list for PBXNativeTarget "ScoutUITests" */;
			buildPhases = (
				D1B6619C1EF13D5900C911D7 /* Sources */,
				D1B6619D1EF13D5900C911D7 /* Frameworks */,
				D1B6619E1EF13D5900C911D7 /* Resources */,
			);
			buildRules = (
			);
			dependencies = (
				D1B661A21EF13D5900C911D7 /* PBXTargetDependency */,
			);
			name = ScoutUITests;
			productName = ScoutUITests;
			productReference = D1B661A01EF13D5900C911D7 /* ScoutUITests.xctest */;
			productType = "com.apple.product-type.bundle.ui-testing";
		};
/* End PBXNativeTarget section */

/* Begin PBXProject section */
		D1B661791EF13D5800C911D7 /* Project object */ = {
			isa = PBXProject;
			attributes = {
				LastSwiftUpdateCheck = 0830;
				LastUpgradeCheck = 0830;
				ORGANIZATIONNAME = "Furqan Muhammad Khan";
				TargetAttributes = {
					D1B661801EF13D5800C911D7 = {
						CreatedOnToolsVersion = 8.3;
						ProvisioningStyle = Automatic;
					};
					D1B661941EF13D5900C911D7 = {
						CreatedOnToolsVersion = 8.3;
						ProvisioningStyle = Automatic;
						TestTargetID = D1B661801EF13D5800C911D7;
					};
					D1B6619F1EF13D5900C911D7 = {
						CreatedOnToolsVersion = 8.3;
						ProvisioningStyle = Automatic;
						TestTargetID = D1B661801EF13D5800C911D7;
					};
				};
			};
			buildConfigurationList = D1B6617C1EF13D5800C911D7 /* Build configuration list for PBXProject "Scout" */;
			compatibilityVersion = "Xcode 3.2";
			developmentRegion = English;
			hasScannedForEncodings = 0;
			knownRegions = (
				en,
				Base,
			);
			mainGroup = D1B661781EF13D5800C911D7;
			productRefGroup = D1B661821EF13D5800C911D7 /* Products */;
			projectDirPath = "";
			projectRoot = "";
			targets = (
				D1B661801EF13D5800C911D7 /* Scout */,
				D1B661941EF13D5900C911D7 /* ScoutTests */,
				D1B6619F1EF13D5900C911D7 /* ScoutUITests */,
			);
		};
/* End PBXProject section */

/* Begin PBXResourcesBuildPhase section */
		D1B6617F1EF13D5800C911D7 /* Resources */ = {
			isa = PBXResourcesBuildPhase;
			buildActionMask = 2147483647;
			files = (
				D1B6618F1EF13D5800C911D7 /* LaunchScreen.storyboard in Resources */,
				D136D3941EF2EB480038175C /* Assets.xcassets in Resources */,
				D1B6618A1EF13D5800C911D7 /* Main.storyboard in Resources */,
			);
			runOnlyForDeploymentPostprocessing = 0;
		};
		D1B661931EF13D5900C911D7 /* Resources */ = {
			isa = PBXResourcesBuildPhase;
			buildActionMask = 2147483647;
			files = (
			);
			runOnlyForDeploymentPostprocessing = 0;
		};
		D1B6619E1EF13D5900C911D7 /* Resources */ = {
			isa = PBXResourcesBuildPhase;
			buildActionMask = 2147483647;
			files = (
			);
			runOnlyForDeploymentPostprocessing = 0;
		};
/* End PBXResourcesBuildPhase section */

/* Begin PBXShellScriptBuildPhase section */
		091599629833B6BA39FB799E /* [CP] Check Pods Manifest.lock */ = {
			isa = PBXShellScriptBuildPhase;
			buildActionMask = 2147483647;
			files = (
			);
			inputPaths = (
			);
			name = "[CP] Check Pods Manifest.lock";
			outputPaths = (
			);
			runOnlyForDeploymentPostprocessing = 0;
			shellPath = /bin/sh;
			shellScript = "diff \"${PODS_PODFILE_DIR_PATH}/Podfile.lock\" \"${PODS_ROOT}/Manifest.lock\" > /dev/null\nif [ $? != 0 ] ; then\n    # print error to STDERR\n    echo \"error: The sandbox is not in sync with the Podfile.lock. Run 'pod install' or update your CocoaPods installation.\" >&2\n    exit 1\nfi\n";
			showEnvVarsInLog = 0;
		};
		2F05158B778B6734FD04039D /* [CP] Embed Pods Frameworks */ = {
			isa = PBXShellScriptBuildPhase;
			buildActionMask = 2147483647;
			files = (
			);
			inputPaths = (
			);
			name = "[CP] Embed Pods Frameworks";
			outputPaths = (
			);
			runOnlyForDeploymentPostprocessing = 0;
			shellPath = /bin/sh;
			shellScript = "\"${SRCROOT}/Pods/Target Support Files/Pods-Scout/Pods-Scout-frameworks.sh\"\n";
			showEnvVarsInLog = 0;
		};
		5C25A249B967E7468DBE710F /* [CP] Copy Pods Resources */ = {
			isa = PBXShellScriptBuildPhase;
			buildActionMask = 2147483647;
			files = (
			);
			inputPaths = (
			);
			name = "[CP] Copy Pods Resources";
			outputPaths = (
			);
			runOnlyForDeploymentPostprocessing = 0;
			shellPath = /bin/sh;
			shellScript = "\"${SRCROOT}/Pods/Target Support Files/Pods-Scout/Pods-Scout-resources.sh\"\n";
			showEnvVarsInLog = 0;
		};
/* End PBXShellScriptBuildPhase section */

/* Begin PBXSourcesBuildPhase section */
		D1B6617D1EF13D5800C911D7 /* Sources */ = {
			isa = PBXSourcesBuildPhase;
			buildActionMask = 2147483647;
			files = (
				D1B662051EF1725B00C911D7 /* Date+Scout.swift in Sources */,
				D1B661F91EF1565100C911D7 /* Cache.swift in Sources */,
				D1B662011EF166AC00C911D7 /* Layout.swift in Sources */,
				D1B662091EF2C13800C911D7 /* UIImageView+Scout.swift in Sources */,
				D1B661F61EF1565100C911D7 /* DownloadSettings.swift in Sources */,
				D1A627B81EF30AFA00BCD7A5 /* FavoritesViewController.swift in Sources */,
				D1A627BC1EF31BA500BCD7A5 /* SpringExpandView.swift in Sources */,
				D1A627BD1EF31BA500BCD7A5 /* SpringRefresh.swift in Sources */,
				D1B661F51EF1565100C911D7 /* DownloadRequest.swift in Sources */,
				D1B662071EF1740E00C911D7 /* ListViewController.swift in Sources */,
				D136D3961EF308D70038175C /* Favorites.swift in Sources */,
				D1B661F31EF1565100C911D7 /* DownloadImageManager.swift in Sources */,
				D1A627C01EF31C7300BCD7A5 /* NotificationBar.swift in Sources */,
				D1B661E41EF14D7D00C911D7 /* String+Scout.swift in Sources */,
				D1B661851EF13D5800C911D7 /* AppDelegate.swift in Sources */,
				D1A627C21EF31CD100BCD7A5 /* Theme.swift in Sources */,
				D1B661F21EF1565100C911D7 /* DownloadError.swift in Sources */,
				D1B661F81EF1565100C911D7 /* Logger.swift in Sources */,
				D1B661FB1EF1570F00C911D7 /* UIImage+Scout.swift in Sources */,
				D1B661FD1EF15D7800C911D7 /* CarCollection.swift in Sources */,
				D1B661F41EF1565100C911D7 /* DownloadManager.swift in Sources */,
				D1B661E11EF14C6D00C911D7 /* Car.swift in Sources */,
				D1D416591EF2C5A6004D5FFC /* CarCell.swift in Sources */,
				D1B661F71EF1565100C911D7 /* DataConvertible.swift in Sources */,
			);
			runOnlyForDeploymentPostprocessing = 0;
		};
		D1B661911EF13D5900C911D7 /* Sources */ = {
			isa = PBXSourcesBuildPhase;
			buildActionMask = 2147483647;
			files = (
				D1B6619A1EF13D5900C911D7 /* ScoutTests.swift in Sources */,
			);
			runOnlyForDeploymentPostprocessing = 0;
		};
		D1B6619C1EF13D5900C911D7 /* Sources */ = {
			isa = PBXSourcesBuildPhase;
			buildActionMask = 2147483647;
			files = (
				D1B661A51EF13D5900C911D7 /* ScoutUITests.swift in Sources */,
			);
			runOnlyForDeploymentPostprocessing = 0;
		};
/* End PBXSourcesBuildPhase section */

/* Begin PBXTargetDependency section */
		D1B661971EF13D5900C911D7 /* PBXTargetDependency */ = {
			isa = PBXTargetDependency;
			target = D1B661801EF13D5800C911D7 /* Scout */;
			targetProxy = D1B661961EF13D5900C911D7 /* PBXContainerItemProxy */;
		};
		D1B661A21EF13D5900C911D7 /* PBXTargetDependency */ = {
			isa = PBXTargetDependency;
			target = D1B661801EF13D5800C911D7 /* Scout */;
			targetProxy = D1B661A11EF13D5900C911D7 /* PBXContainerItemProxy */;
		};
/* End PBXTargetDependency section */

/* Begin PBXVariantGroup section */
		D1B661881EF13D5800C911D7 /* Main.storyboard */ = {
			isa = PBXVariantGroup;
			children = (
				D1B661891EF13D5800C911D7 /* Base */,
			);
			name = Main.storyboard;
			sourceTree = "<group>";
		};
		D1B6618D1EF13D5800C911D7 /* LaunchScreen.storyboard */ = {
			isa = PBXVariantGroup;
			children = (
				D1B6618E1EF13D5800C911D7 /* Base */,
			);
			name = LaunchScreen.storyboard;
			sourceTree = "<group>";
		};
/* End PBXVariantGroup section */

/* Begin XCBuildConfiguration section */
		D1B661A71EF13D5900C911D7 /* Debug */ = {
			isa = XCBuildConfiguration;
			buildSettings = {
				ALWAYS_SEARCH_USER_PATHS = NO;
				CLANG_ANALYZER_NONNULL = YES;
				CLANG_ANALYZER_NUMBER_OBJECT_CONVERSION = YES_AGGRESSIVE;
				CLANG_CXX_LANGUAGE_STANDARD = "gnu++0x";
				CLANG_CXX_LIBRARY = "libc++";
				CLANG_ENABLE_MODULES = YES;
				CLANG_ENABLE_OBJC_ARC = YES;
				CLANG_WARN_BOOL_CONVERSION = YES;
				CLANG_WARN_CONSTANT_CONVERSION = YES;
				CLANG_WARN_DIRECT_OBJC_ISA_USAGE = YES_ERROR;
				CLANG_WARN_DOCUMENTATION_COMMENTS = YES;
				CLANG_WARN_EMPTY_BODY = YES;
				CLANG_WARN_ENUM_CONVERSION = YES;
				CLANG_WARN_INFINITE_RECURSION = YES;
				CLANG_WARN_INT_CONVERSION = YES;
				CLANG_WARN_OBJC_ROOT_CLASS = YES_ERROR;
				CLANG_WARN_SUSPICIOUS_MOVE = YES;
				CLANG_WARN_UNREACHABLE_CODE = YES;
				CLANG_WARN__DUPLICATE_METHOD_MATCH = YES;
				"CODE_SIGN_IDENTITY[sdk=iphoneos*]" = "iPhone Developer";
				COPY_PHASE_STRIP = NO;
				DEBUG_INFORMATION_FORMAT = dwarf;
				ENABLE_STRICT_OBJC_MSGSEND = YES;
				ENABLE_TESTABILITY = YES;
				GCC_C_LANGUAGE_STANDARD = gnu99;
				GCC_DYNAMIC_NO_PIC = NO;
				GCC_NO_COMMON_BLOCKS = YES;
				GCC_OPTIMIZATION_LEVEL = 0;
				GCC_PREPROCESSOR_DEFINITIONS = (
					"DEBUG=1",
					"$(inherited)",
				);
				GCC_WARN_64_TO_32_BIT_CONVERSION = YES;
				GCC_WARN_ABOUT_RETURN_TYPE = YES_ERROR;
				GCC_WARN_UNDECLARED_SELECTOR = YES;
				GCC_WARN_UNINITIALIZED_AUTOS = YES_AGGRESSIVE;
				GCC_WARN_UNUSED_FUNCTION = YES;
				GCC_WARN_UNUSED_VARIABLE = YES;
				IPHONEOS_DEPLOYMENT_TARGET = 10.3;
				MTL_ENABLE_DEBUG_INFO = YES;
				ONLY_ACTIVE_ARCH = YES;
				SDKROOT = iphoneos;
				SWIFT_ACTIVE_COMPILATION_CONDITIONS = DEBUG;
				SWIFT_OPTIMIZATION_LEVEL = "-Onone";
				TARGETED_DEVICE_FAMILY = "1,2";
			};
			name = Debug;
		};
		D1B661A81EF13D5900C911D7 /* Release */ = {
			isa = XCBuildConfiguration;
			buildSettings = {
				ALWAYS_SEARCH_USER_PATHS = NO;
				CLANG_ANALYZER_NONNULL = YES;
				CLANG_ANALYZER_NUMBER_OBJECT_CONVERSION = YES_AGGRESSIVE;
				CLANG_CXX_LANGUAGE_STANDARD = "gnu++0x";
				CLANG_CXX_LIBRARY = "libc++";
				CLANG_ENABLE_MODULES = YES;
				CLANG_ENABLE_OBJC_ARC = YES;
				CLANG_WARN_BOOL_CONVERSION = YES;
				CLANG_WARN_CONSTANT_CONVERSION = YES;
				CLANG_WARN_DIRECT_OBJC_ISA_USAGE = YES_ERROR;
				CLANG_WARN_DOCUMENTATION_COMMENTS = YES;
				CLANG_WARN_EMPTY_BODY = YES;
				CLANG_WARN_ENUM_CONVERSION = YES;
				CLANG_WARN_INFINITE_RECURSION = YES;
				CLANG_WARN_INT_CONVERSION = YES;
				CLANG_WARN_OBJC_ROOT_CLASS = YES_ERROR;
				CLANG_WARN_SUSPICIOUS_MOVE = YES;
				CLANG_WARN_UNREACHABLE_CODE = YES;
				CLANG_WARN__DUPLICATE_METHOD_MATCH = YES;
				"CODE_SIGN_IDENTITY[sdk=iphoneos*]" = "iPhone Developer";
				COPY_PHASE_STRIP = NO;
				DEBUG_INFORMATION_FORMAT = "dwarf-with-dsym";
				ENABLE_NS_ASSERTIONS = NO;
				ENABLE_STRICT_OBJC_MSGSEND = YES;
				GCC_C_LANGUAGE_STANDARD = gnu99;
				GCC_NO_COMMON_BLOCKS = YES;
				GCC_WARN_64_TO_32_BIT_CONVERSION = YES;
				GCC_WARN_ABOUT_RETURN_TYPE = YES_ERROR;
				GCC_WARN_UNDECLARED_SELECTOR = YES;
				GCC_WARN_UNINITIALIZED_AUTOS = YES_AGGRESSIVE;
				GCC_WARN_UNUSED_FUNCTION = YES;
				GCC_WARN_UNUSED_VARIABLE = YES;
				IPHONEOS_DEPLOYMENT_TARGET = 10.3;
				MTL_ENABLE_DEBUG_INFO = NO;
				SDKROOT = iphoneos;
				SWIFT_OPTIMIZATION_LEVEL = "-Owholemodule";
				TARGETED_DEVICE_FAMILY = "1,2";
				VALIDATE_PRODUCT = YES;
			};
			name = Release;
		};
		D1B661AA1EF13D5900C911D7 /* Debug */ = {
			isa = XCBuildConfiguration;
			baseConfigurationReference = B278305AAE65070F9993BA4C /* Pods-Scout.debug.xcconfig */;
			buildSettings = {
				ASSETCATALOG_COMPILER_APPICON_NAME = AppIcon;
				INFOPLIST_FILE = Scout/Info.plist;
				LD_RUNPATH_SEARCH_PATHS = "$(inherited) @executable_path/Frameworks";
				PRODUCT_BUNDLE_IDENTIFIER = com.furqanmk.Scout;
				PRODUCT_NAME = "$(TARGET_NAME)";
				SWIFT_VERSION = 3.0;
			};
			name = Debug;
		};
		D1B661AB1EF13D5900C911D7 /* Release */ = {
			isa = XCBuildConfiguration;
			baseConfigurationReference = 9EF076E799DBA5CDEFBC26D3 /* Pods-Scout.release.xcconfig */;
			buildSettings = {
				ASSETCATALOG_COMPILER_APPICON_NAME = AppIcon;
				INFOPLIST_FILE = Scout/Info.plist;
				LD_RUNPATH_SEARCH_PATHS = "$(inherited) @executable_path/Frameworks";
				PRODUCT_BUNDLE_IDENTIFIER = com.furqanmk.Scout;
				PRODUCT_NAME = "$(TARGET_NAME)";
				SWIFT_VERSION = 3.0;
			};
			name = Release;
		};
		D1B661AD1EF13D5900C911D7 /* Debug */ = {
			isa = XCBuildConfiguration;
			buildSettings = {
				ALWAYS_EMBED_SWIFT_STANDARD_LIBRARIES = YES;
				BUNDLE_LOADER = "$(TEST_HOST)";
				INFOPLIST_FILE = ScoutTests/Info.plist;
				LD_RUNPATH_SEARCH_PATHS = "$(inherited) @executable_path/Frameworks @loader_path/Frameworks";
				PRODUCT_BUNDLE_IDENTIFIER = com.furqanmk.ScoutTests;
				PRODUCT_NAME = "$(TARGET_NAME)";
				SWIFT_VERSION = 3.0;
				TEST_HOST = "$(BUILT_PRODUCTS_DIR)/Scout.app/Scout";
			};
			name = Debug;
		};
		D1B661AE1EF13D5900C911D7 /* Release */ = {
			isa = XCBuildConfiguration;
			buildSettings = {
				ALWAYS_EMBED_SWIFT_STANDARD_LIBRARIES = YES;
				BUNDLE_LOADER = "$(TEST_HOST)";
				INFOPLIST_FILE = ScoutTests/Info.plist;
				LD_RUNPATH_SEARCH_PATHS = "$(inherited) @executable_path/Frameworks @loader_path/Frameworks";
				PRODUCT_BUNDLE_IDENTIFIER = com.furqanmk.ScoutTests;
				PRODUCT_NAME = "$(TARGET_NAME)";
				SWIFT_VERSION = 3.0;
				TEST_HOST = "$(BUILT_PRODUCTS_DIR)/Scout.app/Scout";
			};
			name = Release;
		};
		D1B661B01EF13D5900C911D7 /* Debug */ = {
			isa = XCBuildConfiguration;
			buildSettings = {
				ALWAYS_EMBED_SWIFT_STANDARD_LIBRARIES = YES;
				INFOPLIST_FILE = ScoutUITests/Info.plist;
				LD_RUNPATH_SEARCH_PATHS = "$(inherited) @executable_path/Frameworks @loader_path/Frameworks";
				PRODUCT_BUNDLE_IDENTIFIER = com.furqanmk.ScoutUITests;
				PRODUCT_NAME = "$(TARGET_NAME)";
				SWIFT_VERSION = 3.0;
				TEST_TARGET_NAME = Scout;
			};
			name = Debug;
		};
		D1B661B11EF13D5900C911D7 /* Release */ = {
			isa = XCBuildConfiguration;
			buildSettings = {
				ALWAYS_EMBED_SWIFT_STANDARD_LIBRARIES = YES;
				INFOPLIST_FILE = ScoutUITests/Info.plist;
				LD_RUNPATH_SEARCH_PATHS = "$(inherited) @executable_path/Frameworks @loader_path/Frameworks";
				PRODUCT_BUNDLE_IDENTIFIER = com.furqanmk.ScoutUITests;
				PRODUCT_NAME = "$(TARGET_NAME)";
				SWIFT_VERSION = 3.0;
				TEST_TARGET_NAME = Scout;
			};
			name = Release;
		};
/* End XCBuildConfiguration section */

/* Begin XCConfigurationList section */
		D1B6617C1EF13D5800C911D7 /* Build configuration list for PBXProject "Scout" */ = {
			isa = XCConfigurationList;
			buildConfigurations = (
				D1B661A71EF13D5900C911D7 /* Debug */,
				D1B661A81EF13D5900C911D7 /* Release */,
			);
			defaultConfigurationIsVisible = 0;
			defaultConfigurationName = Release;
		};
		D1B661A91EF13D5900C911D7 /* Build configuration list for PBXNativeTarget "Scout" */ = {
			isa = XCConfigurationList;
			buildConfigurations = (
				D1B661AA1EF13D5900C911D7 /* Debug */,
				D1B661AB1EF13D5900C911D7 /* Release */,
			);
			defaultConfigurationIsVisible = 0;
			defaultConfigurationName = Release;
		};
		D1B661AC1EF13D5900C911D7 /* Build configuration list for PBXNativeTarget "ScoutTests" */ = {
			isa = XCConfigurationList;
			buildConfigurations = (
				D1B661AD1EF13D5900C911D7 /* Debug */,
				D1B661AE1EF13D5900C911D7 /* Release */,
			);
			defaultConfigurationIsVisible = 0;
			defaultConfigurationName = Release;
		};
		D1B661AF1EF13D5900C911D7 /* Build configuration list for PBXNativeTarget "ScoutUITests" */ = {
			isa = XCConfigurationList;
			buildConfigurations = (
				D1B661B01EF13D5900C911D7 /* Debug */,
				D1B661B11EF13D5900C911D7 /* Release */,
			);
			defaultConfigurationIsVisible = 0;
			defaultConfigurationName = Release;
		};
/* End XCConfigurationList section */
	};
	rootObject = D1B661791EF13D5800C911D7 /* Project object */;
}
